// !$*UTF8*$!
{
	archiveVersion = 1;
	classes = {
	};
	objectVersion = 46;
	objects = {

/* Begin PBXBuildFile section */
		C90B0D0B13E482DE0074E0E6 /* GUIElement.mm in Sources */ = {isa = PBXBuildFile; fileRef = C90B0D0913E482DE0074E0E6 /* GUIElement.mm */; };
		C93074C713E33E7400AE145F /* konb_circle.png in Resources */ = {isa = PBXBuildFile; fileRef = C93074C613E33E7400AE145F /* konb_circle.png */; };
		C93074C913E33E7800AE145F /* knob_arrox.png in Resources */ = {isa = PBXBuildFile; fileRef = C93074C813E33E7800AE145F /* knob_arrox.png */; };
		C94B288013E2F626003B5D0B /* UIKit.framework in Frameworks */ = {isa = PBXBuildFile; fileRef = C94B287F13E2F626003B5D0B /* UIKit.framework */; };
		C94B288213E2F626003B5D0B /* Foundation.framework in Frameworks */ = {isa = PBXBuildFile; fileRef = C94B288113E2F626003B5D0B /* Foundation.framework */; };
		C94B288413E2F626003B5D0B /* CoreGraphics.framework in Frameworks */ = {isa = PBXBuildFile; fileRef = C94B288313E2F626003B5D0B /* CoreGraphics.framework */; };
		C94B288A13E2F626003B5D0B /* InfoPlist.strings in Resources */ = {isa = PBXBuildFile; fileRef = C94B288813E2F626003B5D0B /* InfoPlist.strings */; };
		C94B288D13E2F626003B5D0B /* main.m in Sources */ = {isa = PBXBuildFile; fileRef = C94B288C13E2F626003B5D0B /* main.m */; };
		C94B289013E2F626003B5D0B /* toastedClipsAppDelegate.mm in Sources */ = {isa = PBXBuildFile; fileRef = C94B288F13E2F626003B5D0B /* toastedClipsAppDelegate.mm */; };
		C94B289413E2F627003B5D0B /* toastedClipsAppDelegate_iPhone.mm in Sources */ = {isa = PBXBuildFile; fileRef = C94B289313E2F626003B5D0B /* toastedClipsAppDelegate_iPhone.mm */; };
		C94B289713E2F627003B5D0B /* MainWindow_iPhone.xib in Resources */ = {isa = PBXBuildFile; fileRef = C94B289513E2F627003B5D0B /* MainWindow_iPhone.xib */; };
		C94B289B13E2F627003B5D0B /* toastedClipsAppDelegate_iPad.mm in Sources */ = {isa = PBXBuildFile; fileRef = C94B289A13E2F627003B5D0B /* toastedClipsAppDelegate_iPad.mm */; };
		C94B289E13E2F627003B5D0B /* MainWindow_iPad.xib in Resources */ = {isa = PBXBuildFile; fileRef = C94B289C13E2F627003B5D0B /* MainWindow_iPad.xib */; };
		C94B28A513E2F641003B5D0B /* QuartzCore.framework in Frameworks */ = {isa = PBXBuildFile; fileRef = C94B28A413E2F641003B5D0B /* QuartzCore.framework */; };
		C94B28A713E2F647003B5D0B /* OpenGLES.framework in Frameworks */ = {isa = PBXBuildFile; fileRef = C94B28A613E2F647003B5D0B /* OpenGLES.framework */; };
		C94B28AA13E2F68B003B5D0B /* EAGLView.mm in Sources */ = {isa = PBXBuildFile; fileRef = C94B28A913E2F68B003B5D0B /* EAGLView.mm */; };
		C94B28B813E2FA4A003B5D0B /* UtilTexture.mm in Sources */ = {isa = PBXBuildFile; fileRef = C94B28B513E2FA4A003B5D0B /* UtilTexture.mm */; };
		C94B28BD13E2FB6B003B5D0B /* GuiEngine.mm in Sources */ = {isa = PBXBuildFile; fileRef = C94B28BB13E2FB6B003B5D0B /* GuiEngine.mm */; };
		C94B28C013E30F26003B5D0B /* Gui.mm in Sources */ = {isa = PBXBuildFile; fileRef = C94B28BE13E30F26003B5D0B /* Gui.mm */; };
		C94B28C413E311E1003B5D0B /* GUIControl.mm in Sources */ = {isa = PBXBuildFile; fileRef = C94B28C213E311E1003B5D0B /* GUIControl.mm */; };
		C94B28C713E3240F003B5D0B /* heart_jack.png in Resources */ = {isa = PBXBuildFile; fileRef = C94B28C613E3240F003B5D0B /* heart_jack.png */; };
		C96E30F013E6F73C006415CB /* tes.png in Resources */ = {isa = PBXBuildFile; fileRef = C96E30EE13E6F73C006415CB /* tes.png */; };
		C96E30F513E7059C006415CB /* tesF.png in Resources */ = {isa = PBXBuildFile; fileRef = C96E30F413E7059C006415CB /* tesF.png */; };
		C96E30F713E707D7006415CB /* tes-01.png in Resources */ = {isa = PBXBuildFile; fileRef = C96E30F613E707D6006415CB /* tes-01.png */; };
		C96E30F913E70D1F006415CB /* DJMixer.m in Sources */ = {isa = PBXBuildFile; fileRef = C96E30F813E70D1E006415CB /* DJMixer.m */; };
		C9835B6013E453ED00AF13B4 /* knob-01.png in Resources */ = {isa = PBXBuildFile; fileRef = C9835B5F13E453ED00AF13B4 /* knob-01.png */; };
		C9BCCCC713E7175B002054A7 /* FaderF-01.png in Resources */ = {isa = PBXBuildFile; fileRef = C9BCCCC513E7175B002054A7 /* FaderF-01.png */; };
		C9BCCCC813E7175B002054A7 /* Fader.png in Resources */ = {isa = PBXBuildFile; fileRef = C9BCCCC613E7175B002054A7 /* Fader.png */; };
		C9BCCCD413E83340002054A7 /* KNOBMARKER-01.png in Resources */ = {isa = PBXBuildFile; fileRef = C9BCCCD213E83340002054A7 /* KNOBMARKER-01.png */; };
		C9BCCCD513E83340002054A7 /* KONBBIG-01.png in Resources */ = {isa = PBXBuildFile; fileRef = C9BCCCD313E83340002054A7 /* KONBBIG-01.png */; };
		FA66CB4113E5A5CB00901A6D /* InMemoryAudioFile.mm in Sources */ = {isa = PBXBuildFile; fileRef = FA66CB4013E5A5CA00901A6D /* InMemoryAudioFile.mm */; };
		FA66CB4513E5A89000901A6D /* AudioToolbox.framework in Frameworks */ = {isa = PBXBuildFile; fileRef = FA66CB4413E5A89000901A6D /* AudioToolbox.framework */; };
		FA66CB4C13E5A8EF00901A6D /* funk stabs 3.wav in Resources */ = {isa = PBXBuildFile; fileRef = FA66CB4A13E5A8EF00901A6D /* funk stabs 3.wav */; };
		FA66CB4D13E5A8EF00901A6D /* funkBeats.wav in Resources */ = {isa = PBXBuildFile; fileRef = FA66CB4B13E5A8EF00901A6D /* funkBeats.wav */; };
		FAADA1A013E5EAAB000B9068 /* sliderFloat.png in Resources */ = {isa = PBXBuildFile; fileRef = FAADA19E13E5EAAB000B9068 /* sliderFloat.png */; };
		FAADA1A113E5EAAB000B9068 /* sliderFixe.png in Resources */ = {isa = PBXBuildFile; fileRef = FAADA19F13E5EAAB000B9068 /* sliderFixe.png */; };
/* End PBXBuildFile section */

/* Begin PBXFileReference section */
		C90B0D0913E482DE0074E0E6 /* GUIElement.mm */ = {isa = PBXFileReference; fileEncoding = 4; lastKnownFileType = sourcecode.cpp.objcpp; path = GUIElement.mm; sourceTree = "<group>"; };
		C90B0D0A13E482DE0074E0E6 /* GUIElement.h */ = {isa = PBXFileReference; fileEncoding = 4; lastKnownFileType = sourcecode.c.h; path = GUIElement.h; sourceTree = "<group>"; };
		C93074C613E33E7400AE145F /* konb_circle.png */ = {isa = PBXFileReference; lastKnownFileType = image.png; path = konb_circle.png; sourceTree = "<group>"; };
		C93074C813E33E7800AE145F /* knob_arrox.png */ = {isa = PBXFileReference; lastKnownFileType = image.png; path = knob_arrox.png; sourceTree = "<group>"; };
		C94B287B13E2F626003B5D0B /* toastedClips.app */ = {isa = PBXFileReference; explicitFileType = wrapper.application; includeInIndex = 0; path = toastedClips.app; sourceTree = BUILT_PRODUCTS_DIR; };
		C94B287F13E2F626003B5D0B /* UIKit.framework */ = {isa = PBXFileReference; lastKnownFileType = wrapper.framework; name = UIKit.framework; path = System/Library/Frameworks/UIKit.framework; sourceTree = SDKROOT; };
		C94B288113E2F626003B5D0B /* Foundation.framework */ = {isa = PBXFileReference; lastKnownFileType = wrapper.framework; name = Foundation.framework; path = System/Library/Frameworks/Foundation.framework; sourceTree = SDKROOT; };
		C94B288313E2F626003B5D0B /* CoreGraphics.framework */ = {isa = PBXFileReference; lastKnownFileType = wrapper.framework; name = CoreGraphics.framework; path = System/Library/Frameworks/CoreGraphics.framework; sourceTree = SDKROOT; };
		C94B288713E2F626003B5D0B /* toastedClips-Info.plist */ = {isa = PBXFileReference; lastKnownFileType = text.plist.xml; path = "toastedClips-Info.plist"; sourceTree = "<group>"; };
		C94B288913E2F626003B5D0B /* en */ = {isa = PBXFileReference; lastKnownFileType = text.plist.strings; name = en; path = en.lproj/InfoPlist.strings; sourceTree = "<group>"; };
		C94B288B13E2F626003B5D0B /* toastedClips-Prefix.pch */ = {isa = PBXFileReference; lastKnownFileType = sourcecode.c.h; path = "toastedClips-Prefix.pch"; sourceTree = "<group>"; };
		C94B288C13E2F626003B5D0B /* main.m */ = {isa = PBXFileReference; lastKnownFileType = sourcecode.c.objc; path = main.m; sourceTree = "<group>"; };
		C94B288E13E2F626003B5D0B /* toastedClipsAppDelegate.h */ = {isa = PBXFileReference; lastKnownFileType = sourcecode.c.h; path = toastedClipsAppDelegate.h; sourceTree = "<group>"; };
		C94B288F13E2F626003B5D0B /* toastedClipsAppDelegate.mm */ = {isa = PBXFileReference; lastKnownFileType = sourcecode.cpp.objcpp; path = toastedClipsAppDelegate.mm; sourceTree = "<group>"; };
		C94B289213E2F626003B5D0B /* toastedClipsAppDelegate_iPhone.h */ = {isa = PBXFileReference; lastKnownFileType = sourcecode.c.h; name = toastedClipsAppDelegate_iPhone.h; path = iPhone/toastedClipsAppDelegate_iPhone.h; sourceTree = "<group>"; };
		C94B289313E2F626003B5D0B /* toastedClipsAppDelegate_iPhone.mm */ = {isa = PBXFileReference; lastKnownFileType = sourcecode.cpp.objcpp; name = toastedClipsAppDelegate_iPhone.mm; path = iPhone/toastedClipsAppDelegate_iPhone.mm; sourceTree = "<group>"; };
		C94B289613E2F627003B5D0B /* en */ = {isa = PBXFileReference; lastKnownFileType = file.xib; name = en; path = iPhone/en.lproj/MainWindow_iPhone.xib; sourceTree = "<group>"; };
		C94B289913E2F627003B5D0B /* toastedClipsAppDelegate_iPad.h */ = {isa = PBXFileReference; lastKnownFileType = sourcecode.c.h; name = toastedClipsAppDelegate_iPad.h; path = iPad/toastedClipsAppDelegate_iPad.h; sourceTree = "<group>"; };
		C94B289A13E2F627003B5D0B /* toastedClipsAppDelegate_iPad.mm */ = {isa = PBXFileReference; lastKnownFileType = sourcecode.cpp.objcpp; name = toastedClipsAppDelegate_iPad.mm; path = iPad/toastedClipsAppDelegate_iPad.mm; sourceTree = "<group>"; };
		C94B289D13E2F627003B5D0B /* en */ = {isa = PBXFileReference; lastKnownFileType = file.xib; name = en; path = iPad/en.lproj/MainWindow_iPad.xib; sourceTree = "<group>"; };
		C94B28A413E2F641003B5D0B /* QuartzCore.framework */ = {isa = PBXFileReference; lastKnownFileType = wrapper.framework; name = QuartzCore.framework; path = System/Library/Frameworks/QuartzCore.framework; sourceTree = SDKROOT; };
		C94B28A613E2F647003B5D0B /* OpenGLES.framework */ = {isa = PBXFileReference; lastKnownFileType = wrapper.framework; name = OpenGLES.framework; path = System/Library/Frameworks/OpenGLES.framework; sourceTree = SDKROOT; };
		C94B28A813E2F68B003B5D0B /* EAGLView.h */ = {isa = PBXFileReference; fileEncoding = 4; lastKnownFileType = sourcecode.c.h; path = EAGLView.h; sourceTree = "<group>"; };
		C94B28A913E2F68B003B5D0B /* EAGLView.mm */ = {isa = PBXFileReference; fileEncoding = 4; lastKnownFileType = sourcecode.cpp.objcpp; path = EAGLView.mm; sourceTree = "<group>"; };
		C94B28B513E2FA4A003B5D0B /* UtilTexture.mm */ = {isa = PBXFileReference; fileEncoding = 4; lastKnownFileType = sourcecode.cpp.objcpp; path = UtilTexture.mm; sourceTree = "<group>"; };
		C94B28B613E2FA4A003B5D0B /* UtilTexture.h */ = {isa = PBXFileReference; fileEncoding = 4; lastKnownFileType = sourcecode.c.h; path = UtilTexture.h; sourceTree = "<group>"; };
		C94B28B713E2FA4A003B5D0B /* UtilTypes.h */ = {isa = PBXFileReference; fileEncoding = 4; lastKnownFileType = sourcecode.c.h; path = UtilTypes.h; sourceTree = "<group>"; };
		C94B28B913E2FAF8003B5D0B /* UtilsMath.h */ = {isa = PBXFileReference; fileEncoding = 4; lastKnownFileType = sourcecode.c.h; path = UtilsMath.h; sourceTree = "<group>"; };
		C94B28BB13E2FB6B003B5D0B /* GuiEngine.mm */ = {isa = PBXFileReference; fileEncoding = 4; lastKnownFileType = sourcecode.cpp.objcpp; path = GuiEngine.mm; sourceTree = "<group>"; };
		C94B28BC13E2FB6B003B5D0B /* GuiEngine.h */ = {isa = PBXFileReference; fileEncoding = 4; lastKnownFileType = sourcecode.c.h; path = GuiEngine.h; sourceTree = "<group>"; };
		C94B28BE13E30F26003B5D0B /* Gui.mm */ = {isa = PBXFileReference; fileEncoding = 4; lastKnownFileType = sourcecode.cpp.objcpp; path = Gui.mm; sourceTree = "<group>"; };
		C94B28BF13E30F26003B5D0B /* Gui.h */ = {isa = PBXFileReference; fileEncoding = 4; lastKnownFileType = sourcecode.c.h; path = Gui.h; sourceTree = "<group>"; };
		C94B28C213E311E1003B5D0B /* GUIControl.mm */ = {isa = PBXFileReference; fileEncoding = 4; lastKnownFileType = sourcecode.cpp.objcpp; path = GUIControl.mm; sourceTree = "<group>"; };
		C94B28C313E311E1003B5D0B /* GUIControl.h */ = {isa = PBXFileReference; fileEncoding = 4; lastKnownFileType = sourcecode.c.h; path = GUIControl.h; sourceTree = "<group>"; };
		C94B28C613E3240F003B5D0B /* heart_jack.png */ = {isa = PBXFileReference; lastKnownFileType = image.png; path = heart_jack.png; sourceTree = "<group>"; };
		C96E30EE13E6F73C006415CB /* tes.png */ = {isa = PBXFileReference; lastKnownFileType = image.png; path = tes.png; sourceTree = "<group>"; };
		C96E30F413E7059C006415CB /* tesF.png */ = {isa = PBXFileReference; lastKnownFileType = image.png; path = tesF.png; sourceTree = "<group>"; };
		C96E30F613E707D6006415CB /* tes-01.png */ = {isa = PBXFileReference; lastKnownFileType = image.png; path = "tes-01.png"; sourceTree = "<group>"; };
		C96E30F813E70D1E006415CB /* DJMixer.m */ = {isa = PBXFileReference; fileEncoding = 4; lastKnownFileType = sourcecode.c.objc; path = DJMixer.m; sourceTree = "<group>"; };
		C9835B5F13E453ED00AF13B4 /* knob-01.png */ = {isa = PBXFileReference; lastKnownFileType = image.png; path = "knob-01.png"; sourceTree = "<group>"; };
		C9BCCCC513E7175B002054A7 /* FaderF-01.png */ = {isa = PBXFileReference; lastKnownFileType = image.png; path = "FaderF-01.png"; sourceTree = "<group>"; };
		C9BCCCC613E7175B002054A7 /* Fader.png */ = {isa = PBXFileReference; lastKnownFileType = image.png; path = Fader.png; sourceTree = "<group>"; };
		C9BCCCD213E83340002054A7 /* KNOBMARKER-01.png */ = {isa = PBXFileReference; lastKnownFileType = image.png; path = "KNOBMARKER-01.png"; sourceTree = "<group>"; };
		C9BCCCD313E83340002054A7 /* KONBBIG-01.png */ = {isa = PBXFileReference; lastKnownFileType = image.png; path = "KONBBIG-01.png"; sourceTree = "<group>"; };
		FA66CB3813E5A48700901A6D /* DJMixer.h */ = {isa = PBXFileReference; fileEncoding = 4; lastKnownFileType = sourcecode.c.h; path = DJMixer.h; sourceTree = "<group>"; };
		FA66CB3F13E5A5CA00901A6D /* InMemoryAudioFile.h */ = {isa = PBXFileReference; fileEncoding = 4; lastKnownFileType = sourcecode.c.h; path = InMemoryAudioFile.h; sourceTree = "<group>"; };
		FA66CB4013E5A5CA00901A6D /* InMemoryAudioFile.mm */ = {isa = PBXFileReference; fileEncoding = 4; lastKnownFileType = sourcecode.cpp.objcpp; path = InMemoryAudioFile.mm; sourceTree = "<group>"; };
		FA66CB4213E5A86D00901A6D /* CoreAudio.framework */ = {isa = PBXFileReference; lastKnownFileType = wrapper.framework; name = CoreAudio.framework; path = System/Library/Frameworks/CoreAudio.framework; sourceTree = SDKROOT; };
		FA66CB4413E5A89000901A6D /* AudioToolbox.framework */ = {isa = PBXFileReference; lastKnownFileType = wrapper.framework; name = AudioToolbox.framework; path = System/Library/Frameworks/AudioToolbox.framework; sourceTree = SDKROOT; };
		FA66CB4A13E5A8EF00901A6D /* funk stabs 3.wav */ = {isa = PBXFileReference; lastKnownFileType = audio.wav; path = "funk stabs 3.wav"; sourceTree = "<group>"; };
		FA66CB4B13E5A8EF00901A6D /* funkBeats.wav */ = {isa = PBXFileReference; lastKnownFileType = audio.wav; path = funkBeats.wav; sourceTree = "<group>"; };
		FAADA19E13E5EAAB000B9068 /* sliderFloat.png */ = {isa = PBXFileReference; lastKnownFileType = image.png; path = sliderFloat.png; sourceTree = "<group>"; };
		FAADA19F13E5EAAB000B9068 /* sliderFixe.png */ = {isa = PBXFileReference; lastKnownFileType = image.png; path = sliderFixe.png; sourceTree = "<group>"; };
/* End PBXFileReference section */

/* Begin PBXFrameworksBuildPhase section */
		C94B287813E2F626003B5D0B /* Frameworks */ = {
			isa = PBXFrameworksBuildPhase;
			buildActionMask = 2147483647;
			files = (
				FA66CB4513E5A89000901A6D /* AudioToolbox.framework in Frameworks */,
				C94B28A713E2F647003B5D0B /* OpenGLES.framework in Frameworks */,
				C94B28A513E2F641003B5D0B /* QuartzCore.framework in Frameworks */,
				C94B288013E2F626003B5D0B /* UIKit.framework in Frameworks */,
				C94B288213E2F626003B5D0B /* Foundation.framework in Frameworks */,
				C94B288413E2F626003B5D0B /* CoreGraphics.framework in Frameworks */,
			);
			runOnlyForDeploymentPostprocessing = 0;
		};
/* End PBXFrameworksBuildPhase section */

/* Begin PBXGroup section */
		C94B287013E2F626003B5D0B = {
			isa = PBXGroup;
			children = (
				FA66CB4413E5A89000901A6D /* AudioToolbox.framework */,
				FA66CB4213E5A86D00901A6D /* CoreAudio.framework */,
				C94B288513E2F626003B5D0B /* toastedClips */,
				C94B287E13E2F626003B5D0B /* Frameworks */,
				C94B287C13E2F626003B5D0B /* Products */,
			);
			sourceTree = "<group>";
		};
		C94B287C13E2F626003B5D0B /* Products */ = {
			isa = PBXGroup;
			children = (
				C94B287B13E2F626003B5D0B /* toastedClips.app */,
			);
			name = Products;
			sourceTree = "<group>";
		};
		C94B287E13E2F626003B5D0B /* Frameworks */ = {
			isa = PBXGroup;
			children = (
				C94B28A613E2F647003B5D0B /* OpenGLES.framework */,
				C94B28A413E2F641003B5D0B /* QuartzCore.framework */,
				C94B287F13E2F626003B5D0B /* UIKit.framework */,
				C94B288113E2F626003B5D0B /* Foundation.framework */,
				C94B288313E2F626003B5D0B /* CoreGraphics.framework */,
			);
			name = Frameworks;
			sourceTree = "<group>";
		};
		C94B288513E2F626003B5D0B /* toastedClips */ = {
			isa = PBXGroup;
			children = (
				FA00141D13E74AD100B31602 /* EntryPoint */,
				FA00141C13E74AB000B31602 /* ressources */,
				FA00141A13E74A9300B31602 /* AUDIO */,
				C94B28C513E323BC003B5D0B /* images */,
				C94B289113E2F626003B5D0B /* iPhone */,
				C94B289813E2F627003B5D0B /* iPad */,
				C94B288613E2F626003B5D0B /* Supporting Files */,
				C94B28AB13E2F699003B5D0B /* Core */,
			);
			path = toastedClips;
			sourceTree = "<group>";
		};
		C94B288613E2F626003B5D0B /* Supporting Files */ = {
			isa = PBXGroup;
			children = (
				C94B288713E2F626003B5D0B /* toastedClips-Info.plist */,
				C94B288813E2F626003B5D0B /* InfoPlist.strings */,
				C94B288B13E2F626003B5D0B /* toastedClips-Prefix.pch */,
				C94B288C13E2F626003B5D0B /* main.m */,
			);
			name = "Supporting Files";
			sourceTree = "<group>";
		};
		C94B289113E2F626003B5D0B /* iPhone */ = {
			isa = PBXGroup;
			children = (
				C94B289213E2F626003B5D0B /* toastedClipsAppDelegate_iPhone.h */,
				C94B289313E2F626003B5D0B /* toastedClipsAppDelegate_iPhone.mm */,
				C94B289513E2F627003B5D0B /* MainWindow_iPhone.xib */,
			);
			name = iPhone;
			sourceTree = "<group>";
		};
		C94B289813E2F627003B5D0B /* iPad */ = {
			isa = PBXGroup;
			children = (
				C94B289913E2F627003B5D0B /* toastedClipsAppDelegate_iPad.h */,
				C94B289A13E2F627003B5D0B /* toastedClipsAppDelegate_iPad.mm */,
				C94B289C13E2F627003B5D0B /* MainWindow_iPad.xib */,
			);
			name = iPad;
			sourceTree = "<group>";
		};
		C94B28AB13E2F699003B5D0B /* Core */ = {
			isa = PBXGroup;
			children = (
				C94B28C113E311C1003B5D0B /* Control */,
				C94B28BA13E2FB45003B5D0B /* Engine */,
				C94B28B413E2FA1E003B5D0B /* Utils */,
				C94B28A813E2F68B003B5D0B /* EAGLView.h */,
				C94B28A913E2F68B003B5D0B /* EAGLView.mm */,
			);
			name = Core;
			sourceTree = "<group>";
		};
		C94B28B413E2FA1E003B5D0B /* Utils */ = {
			isa = PBXGroup;
			children = (
				C94B28B913E2FAF8003B5D0B /* UtilsMath.h */,
				C94B28B513E2FA4A003B5D0B /* UtilTexture.mm */,
				C94B28B613E2FA4A003B5D0B /* UtilTexture.h */,
				C94B28B713E2FA4A003B5D0B /* UtilTypes.h */,
			);
			name = Utils;
			sourceTree = "<group>";
		};
		C94B28BA13E2FB45003B5D0B /* Engine */ = {
			isa = PBXGroup;
			children = (
				C94B28BB13E2FB6B003B5D0B /* GuiEngine.mm */,
				C94B28BC13E2FB6B003B5D0B /* GuiEngine.h */,
				C94B28BE13E30F26003B5D0B /* Gui.mm */,
				C94B28BF13E30F26003B5D0B /* Gui.h */,
			);
			name = Engine;
			sourceTree = "<group>";
		};
		C94B28C113E311C1003B5D0B /* Control */ = {
			isa = PBXGroup;
			children = (
				C94B28C213E311E1003B5D0B /* GUIControl.mm */,
				C94B28C313E311E1003B5D0B /* GUIControl.h */,
				C90B0D0913E482DE0074E0E6 /* GUIElement.mm */,
				C90B0D0A13E482DE0074E0E6 /* GUIElement.h */,
			);
			name = Control;
			sourceTree = "<group>";
		};
		C94B28C513E323BC003B5D0B /* images */ = {
			isa = PBXGroup;
			children = (
				C9BCCCD213E83340002054A7 /* KNOBMARKER-01.png */,
				C9BCCCD313E83340002054A7 /* KONBBIG-01.png */,
				C9BCCCC513E7175B002054A7 /* FaderF-01.png */,
				C9BCCCC613E7175B002054A7 /* Fader.png */,
				C96E30F613E707D6006415CB /* tes-01.png */,
				C96E30F413E7059C006415CB /* tesF.png */,
				C96E30EE13E6F73C006415CB /* tes.png */,
				FAADA19E13E5EAAB000B9068 /* sliderFloat.png */,
				FAADA19F13E5EAAB000B9068 /* sliderFixe.png */,
				C9835B5F13E453ED00AF13B4 /* knob-01.png */,
				C93074C813E33E7800AE145F /* knob_arrox.png */,
				C93074C613E33E7400AE145F /* konb_circle.png */,
				C94B28C613E3240F003B5D0B /* heart_jack.png */,
			);
			name = images;
			sourceTree = "<group>";
		};
		FA00141A13E74A9300B31602 /* AUDIO */ = {
			isa = PBXGroup;
			children = (
				C96E30F813E70D1E006415CB /* DJMixer.m */,
				FA66CB3F13E5A5CA00901A6D /* InMemoryAudioFile.h */,
				FA66CB4013E5A5CA00901A6D /* InMemoryAudioFile.mm */,
				FA66CB3813E5A48700901A6D /* DJMixer.h */,
			);
			name = AUDIO;
			sourceTree = "<group>";
		};
		FA00141C13E74AB000B31602 /* ressources */ = {
			isa = PBXGroup;
			children = (
				FA66CB4A13E5A8EF00901A6D /* funk stabs 3.wav */,
				FA66CB4B13E5A8EF00901A6D /* funkBeats.wav */,
			);
			name = ressources;
			sourceTree = "<group>";
		};
		FA00141D13E74AD100B31602 /* EntryPoint */ = {
			isa = PBXGroup;
			children = (
				C94B288E13E2F626003B5D0B /* toastedClipsAppDelegate.h */,
				C94B288F13E2F626003B5D0B /* toastedClipsAppDelegate.mm */,
			);
			name = EntryPoint;
			sourceTree = "<group>";
		};
/* End PBXGroup section */

/* Begin PBXNativeTarget section */
		C94B287A13E2F626003B5D0B /* toastedClips */ = {
			isa = PBXNativeTarget;
			buildConfigurationList = C94B28A113E2F627003B5D0B /* Build configuration list for PBXNativeTarget "toastedClips" */;
			buildPhases = (
				C94B287713E2F626003B5D0B /* Sources */,
				C94B287813E2F626003B5D0B /* Frameworks */,
				C94B287913E2F626003B5D0B /* Resources */,
			);
			buildRules = (
			);
			dependencies = (
			);
			name = toastedClips;
			productName = toastedClips;
			productReference = C94B287B13E2F626003B5D0B /* toastedClips.app */;
			productType = "com.apple.product-type.application";
		};
/* End PBXNativeTarget section */

/* Begin PBXProject section */
		C94B287213E2F626003B5D0B /* Project object */ = {
			isa = PBXProject;
			buildConfigurationList = C94B287513E2F626003B5D0B /* Build configuration list for PBXProject "toastedClips" */;
			compatibilityVersion = "Xcode 3.2";
			developmentRegion = English;
			hasScannedForEncodings = 0;
			knownRegions = (
				en,
			);
			mainGroup = C94B287013E2F626003B5D0B;
			productRefGroup = C94B287C13E2F626003B5D0B /* Products */;
			projectDirPath = "";
			projectRoot = "";
			targets = (
				C94B287A13E2F626003B5D0B /* toastedClips */,
			);
		};
/* End PBXProject section */

/* Begin PBXResourcesBuildPhase section */
		C94B287913E2F626003B5D0B /* Resources */ = {
			isa = PBXResourcesBuildPhase;
			buildActionMask = 2147483647;
			files = (
				C94B288A13E2F626003B5D0B /* InfoPlist.strings in Resources */,
				C94B289713E2F627003B5D0B /* MainWindow_iPhone.xib in Resources */,
				C94B289E13E2F627003B5D0B /* MainWindow_iPad.xib in Resources */,
				C94B28C713E3240F003B5D0B /* heart_jack.png in Resources */,
				C93074C713E33E7400AE145F /* konb_circle.png in Resources */,
				C93074C913E33E7800AE145F /* knob_arrox.png in Resources */,
				C9835B6013E453ED00AF13B4 /* knob-01.png in Resources */,
				FA66CB4C13E5A8EF00901A6D /* funk stabs 3.wav in Resources */,
				FA66CB4D13E5A8EF00901A6D /* funkBeats.wav in Resources */,
				FAADA1A013E5EAAB000B9068 /* sliderFloat.png in Resources */,
				FAADA1A113E5EAAB000B9068 /* sliderFixe.png in Resources */,
				C96E30F013E6F73C006415CB /* tes.png in Resources */,
				C96E30F513E7059C006415CB /* tesF.png in Resources */,
				C96E30F713E707D7006415CB /* tes-01.png in Resources */,
				C9BCCCC713E7175B002054A7 /* FaderF-01.png in Resources */,
				C9BCCCC813E7175B002054A7 /* Fader.png in Resources */,
				C9BCCCD413E83340002054A7 /* KNOBMARKER-01.png in Resources */,
				C9BCCCD513E83340002054A7 /* KONBBIG-01.png in Resources */,
			);
			runOnlyForDeploymentPostprocessing = 0;
		};
/* End PBXResourcesBuildPhase section */

/* Begin PBXSourcesBuildPhase section */
		C94B287713E2F626003B5D0B /* Sources */ = {
			isa = PBXSourcesBuildPhase;
			buildActionMask = 2147483647;
			files = (
				C94B288D13E2F626003B5D0B /* main.m in Sources */,
				C94B289013E2F626003B5D0B /* toastedClipsAppDelegate.mm in Sources */,
				C94B289413E2F627003B5D0B /* toastedClipsAppDelegate_iPhone.mm in Sources */,
				C94B289B13E2F627003B5D0B /* toastedClipsAppDelegate_iPad.mm in Sources */,
				C94B28AA13E2F68B003B5D0B /* EAGLView.mm in Sources */,
				C94B28B813E2FA4A003B5D0B /* UtilTexture.mm in Sources */,
				C94B28BD13E2FB6B003B5D0B /* GuiEngine.mm in Sources */,
				C94B28C013E30F26003B5D0B /* Gui.mm in Sources */,
				C94B28C413E311E1003B5D0B /* GUIControl.mm in Sources */,
				C90B0D0B13E482DE0074E0E6 /* GUIElement.mm in Sources */,
				FA66CB4113E5A5CB00901A6D /* InMemoryAudioFile.mm in Sources */,
				C96E30F913E70D1F006415CB /* DJMixer.m in Sources */,
			);
			runOnlyForDeploymentPostprocessing = 0;
		};
/* End PBXSourcesBuildPhase section */

/* Begin PBXVariantGroup section */
		C94B288813E2F626003B5D0B /* InfoPlist.strings */ = {
			isa = PBXVariantGroup;
			children = (
				C94B288913E2F626003B5D0B /* en */,
			);
			name = InfoPlist.strings;
			sourceTree = "<group>";
		};
		C94B289513E2F627003B5D0B /* MainWindow_iPhone.xib */ = {
			isa = PBXVariantGroup;
			children = (
				C94B289613E2F627003B5D0B /* en */,
			);
			name = MainWindow_iPhone.xib;
			sourceTree = "<group>";
		};
		C94B289C13E2F627003B5D0B /* MainWindow_iPad.xib */ = {
			isa = PBXVariantGroup;
			children = (
				C94B289D13E2F627003B5D0B /* en */,
			);
			name = MainWindow_iPad.xib;
			sourceTree = "<group>";
		};
/* End PBXVariantGroup section */

/* Begin XCBuildConfiguration section */
		C94B289F13E2F627003B5D0B /* Debug */ = {
			isa = XCBuildConfiguration;
			buildSettings = {
				ARCHS = "$(ARCHS_STANDARD_32_BIT)";
				"CODE_SIGN_IDENTITY[sdk=iphoneos*]" = "iPhone Developer";
				GCC_C_LANGUAGE_STANDARD = gnu99;
				GCC_OPTIMIZATION_LEVEL = 0;
				GCC_PRECOMPILE_PREFIX_HEADER = YES;
				GCC_PREPROCESSOR_DEFINITIONS = DEBUG;
				GCC_SYMBOLS_PRIVATE_EXTERN = NO;
				GCC_VERSION = com.apple.compilers.llvmgcc42;
				GCC_WARN_ABOUT_RETURN_TYPE = YES;
				GCC_WARN_UNUSED_VARIABLE = YES;
				IPHONEOS_DEPLOYMENT_TARGET = 4.3;
				SDKROOT = iphoneos;
				TARGETED_DEVICE_FAMILY = "1,2";
			};
			name = Debug;
		};
		C94B28A013E2F627003B5D0B /* Release */ = {
			isa = XCBuildConfiguration;
			buildSettings = {
				ARCHS = "$(ARCHS_STANDARD_32_BIT)";
				"CODE_SIGN_IDENTITY[sdk=iphoneos*]" = "iPhone Developer";
				GCC_C_LANGUAGE_STANDARD = gnu99;
				GCC_PRECOMPILE_PREFIX_HEADER = YES;
				GCC_VERSION = com.apple.compilers.llvmgcc42;
				GCC_WARN_ABOUT_RETURN_TYPE = YES;
				GCC_WARN_UNUSED_VARIABLE = YES;
				IPHONEOS_DEPLOYMENT_TARGET = 4.3;
				OTHER_CFLAGS = "-DNS_BLOCK_ASSERTIONS=1";
				SDKROOT = iphoneos;
				TARGETED_DEVICE_FAMILY = "1,2";
			};
			name = Release;
		};
		C94B28A213E2F627003B5D0B /* Debug */ = {
			isa = XCBuildConfiguration;
			buildSettings = {
				ALWAYS_SEARCH_USER_PATHS = NO;
				CODE_SIGN_IDENTITY = "";
				"CODE_SIGN_IDENTITY[sdk=iphoneos*]" = "";
				COPY_PHASE_STRIP = NO;
				GCC_DYNAMIC_NO_PIC = NO;
				GCC_PRECOMPILE_PREFIX_HEADER = YES;
				GCC_PREFIX_HEADER = "toastedClips/toastedClips-Prefix.pch";
				INFOPLIST_FILE = "toastedClips/toastedClips-Info.plist";
				PRODUCT_NAME = "$(TARGET_NAME)";
				WRAPPER_EXTENSION = app;
			};
			name = Debug;
		};
		C94B28A313E2F627003B5D0B /* Release */ = {
			isa = XCBuildConfiguration;
			buildSettings = {
				ALWAYS_SEARCH_USER_PATHS = NO;
				CODE_SIGN_IDENTITY = "";
				"CODE_SIGN_IDENTITY[sdk=iphoneos*]" = "";
				COPY_PHASE_STRIP = YES;
				GCC_PRECOMPILE_PREFIX_HEADER = YES;
				GCC_PREFIX_HEADER = "toastedClips/toastedClips-Prefix.pch";
				INFOPLIST_FILE = "toastedClips/toastedClips-Info.plist";
				PRODUCT_NAME = "$(TARGET_NAME)";
				VALIDATE_PRODUCT = YES;
				WRAPPER_EXTENSION = app;
			};
			name = Release;
		};
/* End XCBuildConfiguration section */

/* Begin XCConfigurationList section */
		C94B287513E2F626003B5D0B /* Build configuration list for PBXProject "toastedClips" */ = {
			isa = XCConfigurationList;
			buildConfigurations = (
				C94B289F13E2F627003B5D0B /* Debug */,
				C94B28A013E2F627003B5D0B /* Release */,
			);
			defaultConfigurationIsVisible = 0;
			defaultConfigurationName = Release;
		};
		C94B28A113E2F627003B5D0B /* Build configuration list for PBXNativeTarget "toastedClips" */ = {
			isa = XCConfigurationList;
			buildConfigurations = (
				C94B28A213E2F627003B5D0B /* Debug */,
				C94B28A313E2F627003B5D0B /* Release */,
			);
			defaultConfigurationIsVisible = 0;
			defaultConfigurationName = Release;
		};
/* End XCConfigurationList section */
	};
	rootObject = C94B287213E2F626003B5D0B /* Project object */;
}
